<?xml version="1.0" encoding="UTF-8" standalone="yes" ?>
<CodeBlocks_project_file>
	<FileVersion major="1" minor="6" />
	<Project>
		<Option title="myMsppTest" />
		<Option pch_mode="2" />
		<Option compiler="gcc" />
		<Build>
			<Target title="Debug">
				<Option output="../../../bin_x64_linux/myMsppTest" prefix_auto="1" extension_auto="1" />
				<Option object_output="obj/Debug/" />
				<Option type="1" />
				<Option compiler="gcc" />
				<Option parameters="/data03/yfxie5/Mspp_Engine_20181020/bin_x64_linux/myMsppTest.cfu" />
				<Compiler>
					<Add option="-g" />
				</Compiler>
				<Linker>
					<Add option="-liomp5" />
					<Add option="-lpthread" />
					<Add option="-lippcoreem64t" />
					<Add option="-lippsrem64t" />
					<Add option="-lippsem64t" />
					<Add option="-lippvmem64t" />
					<Add directory="../../thirdparty_linux/ipp/lib" />
					<Add directory="../../thirdparty_linux/tbb/lin/intel64/gcc4.4" />
				</Linker>
			</Target>
			<Target title="Release">
				<Option output="../bin_x64_linux/myMsppTest" prefix_auto="1" extension_auto="1" />
				<Option object_output="./Release/" />
				<Option type="1" />
				<Option compiler="gcc" />
				<Compiler>
					<Add option="-O2" />
				</Compiler>
				<Linker>
					<Add option="-s" />
					<Add option="-liomp5" />
					<Add option="-lpthread" />
					<Add option="-lippcoreem64t" />
					<Add option="-lippsrem64t" />
					<Add option="-lippsem64t" />
					<Add option="-lippvmem64t" />
				</Linker>
			</Target>
		</Build>
		<Compiler>
			<Add option="-w" />
			<Add option="-Wall" />
			<Add option="-fexceptions" />
			<Add option="-fPIC" />
			<Add option="-fvisibility=hidden" />
			<Add directory="../../include" />
		</Compiler>
		<Linker>
			<Add option="-pthread" />
			<Add option="-lIflyVad_2" />
			<Add option="-lIflySpkSep_2" />
			<Add option="-lIflyFea_2" />
			<Add option="-lIflyMspp_2" />
			<Add option="-lIflySoftDog" />
			<Add library="../../thirdparty_linux/tbb/lin/intel64/gcc4.4/libtbbmalloc_debug.so" />
			<Add directory="../../../bin_x64_linux" />
		</Linker>
		<Unit filename="main.cpp" />
		<Unit filename="myTkt.h" />
		<Unit filename="tinystr.cpp" />
		<Unit filename="tinystr.h" />
		<Unit filename="tinyxml.cpp" />
		<Unit filename="tinyxml.h" />
		<Unit filename="tinyxmlerror.cpp" />
		<Unit filename="tinyxmlparser.cpp" />
		<Extensions>
			<code_completion />
			<debugger />
		</Extensions>
	</Project>
</CodeBlocks_project_file>
